
Microsoft Visual Studio Solution File, Format Version 12.00
# Visual Studio Version 17
VisualStudioVersion = 17.5.33414.496
MinimumVisualStudioVersion = 10.0.40219.1
Project("{9A19103F-16F7-4668-BE54-9A1E7A4F7556}") = "projeto_barbearia", "projeto_barbearia.csproj", "{3A2953FE-39D5-49F3-BE12-6E8F4570FD42}"
EndProject
Project("{FAE04EC0-301F-11D3-BF4B-00C04F79EFBC}") = "projeto_barbearia.Test", "..\projeto_barbearia.Test\projeto_barbearia.Test.csproj", "{A7157301-F638-4601-9372-64E6774BFE5A}"
EndProject
Global
	GlobalSection(SolutionConfigurationPlatforms) = preSolution
		Debug|Any CPU = Debug|Any CPU
		Release|Any CPU = Release|Any CPU
	EndGlobalSection
	GlobalSection(ProjectConfigurationPlatforms) = postSolution
		{3A2953FE-39D5-49F3-BE12-6E8F4570FD42}.Debug|Any CPU.ActiveCfg = Debug|Any CPU
		{3A2953FE-39D5-49F3-BE12-6E8F4570FD42}.Debug|Any CPU.Build.0 = Debug|Any CPU
		{3A2953FE-39D5-49F3-BE12-6E8F4570FD42}.Release|Any CPU.ActiveCfg = Release|Any CPU
		{3A2953FE-39D5-49F3-BE12-6E8F4570FD42}.Release|Any CPU.Build.0 = Release|Any CPU
		{A7157301-F638-4601-9372-64E6774BFE5A}.Debug|Any CPU.ActiveCfg = Debug|Any CPU
		{A7157301-F638-4601-9372-64E6774BFE5A}.Debug|Any CPU.Build.0 = Debug|Any CPU
		{A7157301-F638-4601-9372-64E6774BFE5A}.Release|Any CPU.ActiveCfg = Release|Any CPU
		{A7157301-F638-4601-9372-64E6774BFE5A}.Release|Any CPU.Build.0 = Release|Any CPU
	EndGlobalSection
	GlobalSection(SolutionProperties) = preSolution
		HideSolutionNode = FALSE
	EndGlobalSection
	GlobalSection(ExtensibilityGlobals) = postSolution
		SolutionGuid = {D5E2A71D-1434-49AD-AB22-8D248452D290}
	EndGlobalSection
EndGlobal
